
Microsoft Visual Studio Solution File, Format Version 12.00
Project("{FAE04EC0-301F-11D3-BF4B-00C04F79EFBC}") = "dr4-tp2", "dr4-tp2\dr4-tp2.csproj", "{D6C101D9-0EC0-4238-9694-9208146FB9FA}"
EndProject
Global
	GlobalSection(SolutionConfigurationPlatforms) = preSolution
		Debug|Any CPU = Debug|Any CPU
		Release|Any CPU = Release|Any CPU
	EndGlobalSection
	GlobalSection(ProjectConfigurationPlatforms) = postSolution
		{D6C101D9-0EC0-4238-9694-9208146FB9FA}.Debug|Any CPU.ActiveCfg = Debug|Any CPU
		{D6C101D9-0EC0-4238-9694-9208146FB9FA}.Debug|Any CPU.Build.0 = Debug|Any CPU
		{D6C101D9-0EC0-4238-9694-9208146FB9FA}.Release|Any CPU.ActiveCfg = Release|Any CPU
		{D6C101D9-0EC0-4238-9694-9208146FB9FA}.Release|Any CPU.Build.0 = Release|Any CPU
	EndGlobalSection
EndGlobal
